// !$*UTF8*$!
{
	archiveVersion = 1;
	classes = {
	};
	objectVersion = 77;
	objects = {

/* Begin PBXBuildFile section */
		FE1DCF552D9C1C6600C5B504 /* AudioKit in Frameworks */ = {isa = PBXBuildFile; productRef = FE1DCF542D9C1C6600C5B504 /* AudioKit */; };
		FE4448192DBEC863004994EE /* lame in Frameworks */ = {isa = PBXBuildFile; productRef = FE4448182DBEC863004994EE /* lame */; };
		FE45589B2D9EA13C00A5323C /* Alamofire in Frameworks */ = {isa = PBXBuildFile; productRef = FE45589A2D9EA13C00A5323C /* Alamofire */; };
		FE4D27BC2D7F73CB006F8E2D /* MSAL in Frameworks */ = {isa = PBXBuildFile; productRef = FE4D27BB2D7F73CB006F8E2D /* MSAL */; };
/* End PBXBuildFile section */

/* Begin PBXContainerItemProxy section */
		FEF47D542D60C3F00001168A /* PBXContainerItemProxy */ = {
			isa = PBXContainerItemProxy;
			containerPortal = FEF47D3B2D60C3EF0001168A /* Project object */;
			proxyType = 1;
			remoteGlobalIDString = FEF47D422D60C3EF0001168A;
			remoteInfo = StoriaVox;
		};
		FEF47D5E2D60C3F00001168A /* PBXContainerItemProxy */ = {
			isa = PBXContainerItemProxy;
			containerPortal = FEF47D3B2D60C3EF0001168A /* Project object */;
			proxyType = 1;
			remoteGlobalIDString = FEF47D422D60C3EF0001168A;
			remoteInfo = StoriaVox;
		};
/* End PBXContainerItemProxy section */

/* Begin PBXFileReference section */
		FEF47D432D60C3EF0001168A /* StoriaVox.app */ = {isa = PBXFileReference; explicitFileType = wrapper.application; includeInIndex = 0; path = StoriaVox.app; sourceTree = BUILT_PRODUCTS_DIR; };
		FEF47D532D60C3F00001168A /* StoriaVoxTests.xctest */ = {isa = PBXFileReference; explicitFileType = wrapper.cfbundle; includeInIndex = 0; path = StoriaVoxTests.xctest; sourceTree = BUILT_PRODUCTS_DIR; };
		FEF47D5D2D60C3F00001168A /* StoriaVoxUITests.xctest */ = {isa = PBXFileReference; explicitFileType = wrapper.cfbundle; includeInIndex = 0; path = StoriaVoxUITests.xctest; sourceTree = BUILT_PRODUCTS_DIR; };
/* End PBXFileReference section */

/* Begin PBXFileSystemSynchronizedBuildFileExceptionSet section */
		FE4D27BE2D7F73E9006F8E2D /* Exceptions for "StoriaVox" folder in "StoriaVox" target */ = {
			isa = PBXFileSystemSynchronizedBuildFileExceptionSet;
			membershipExceptions = (
				Info.plist,
			);
			target = FEF47D422D60C3EF0001168A /* StoriaVox */;
		};
/* End PBXFileSystemSynchronizedBuildFileExceptionSet section */

/* Begin PBXFileSystemSynchronizedRootGroup section */
		FEF47D452D60C3EF0001168A /* StoriaVox */ = {
			isa = PBXFileSystemSynchronizedRootGroup;
			exceptions = (
				FE4D27BE2D7F73E9006F8E2D /* Exceptions for "StoriaVox" folder in "StoriaVox" target */,
			);
			path = StoriaVox;
			sourceTree = "<group>";
		};
		FEF47D562D60C3F00001168A /* StoriaVoxTests */ = {
			isa = PBXFileSystemSynchronizedRootGroup;
			path = StoriaVoxTests;
			sourceTree = "<group>";
		};
		FEF47D602D60C3F00001168A /* StoriaVoxUITests */ = {
			isa = PBXFileSystemSynchronizedRootGroup;
			path = StoriaVoxUITests;
			sourceTree = "<group>";
		};
/* End PBXFileSystemSynchronizedRootGroup section */

/* Begin PBXFrameworksBuildPhase section */
		FEF47D402D60C3EF0001168A /* Frameworks */ = {
			isa = PBXFrameworksBuildPhase;
			buildActionMask = 2147483647;
			files = (
				FE45589B2D9EA13C00A5323C /* Alamofire in Frameworks */,
				FE1DCF552D9C1C6600C5B504 /* AudioKit in Frameworks */,
				FE4D27BC2D7F73CB006F8E2D /* MSAL in Frameworks */,
				FE4448192DBEC863004994EE /* lame in Frameworks */,
			);
			runOnlyForDeploymentPostprocessing = 0;
		};
		FEF47D502D60C3F00001168A /* Frameworks */ = {
			isa = PBXFrameworksBuildPhase;
			buildActionMask = 2147483647;
			files = (
			);
			runOnlyForDeploymentPostprocessing = 0;
		};
		FEF47D5A2D60C3F00001168A /* Frameworks */ = {
			isa = PBXFrameworksBuildPhase;
			buildActionMask = 2147483647;
			files = (
			);
			runOnlyForDeploymentPostprocessing = 0;
		};
/* End PBXFrameworksBuildPhase section */

/* Begin PBXGroup section */
		FEF47D3A2D60C3EF0001168A = {
			isa = PBXGroup;
			children = (
				FEF47D452D60C3EF0001168A /* StoriaVox */,
				FEF47D562D60C3F00001168A /* StoriaVoxTests */,
				FEF47D602D60C3F00001168A /* StoriaVoxUITests */,
				FEF47D442D60C3EF0001168A /* Products */,
			);
			sourceTree = "<group>";
		};
		FEF47D442D60C3EF0001168A /* Products */ = {
			isa = PBXGroup;
			children = (
				FEF47D432D60C3EF0001168A /* StoriaVox.app */,
				FEF47D532D60C3F00001168A /* StoriaVoxTests.xctest */,
				FEF47D5D2D60C3F00001168A /* StoriaVoxUITests.xctest */,
			);
			name = Products;
			sourceTree = "<group>";
		};
/* End PBXGroup section */

/* Begin PBXNativeTarget section */
		FEF47D422D60C3EF0001168A /* StoriaVox */ = {
			isa = PBXNativeTarget;
			buildConfigurationList = FEF47D672D60C3F00001168A /* Build configuration list for PBXNativeTarget "StoriaVox" */;
			buildPhases = (
				FEF47D3F2D60C3EF0001168A /* Sources */,
				FEF47D402D60C3EF0001168A /* Frameworks */,
				FEF47D412D60C3EF0001168A /* Resources */,
			);
			buildRules = (
			);
			dependencies = (
			);
			fileSystemSynchronizedGroups = (
				FEF47D452D60C3EF0001168A /* StoriaVox */,
			);
			name = StoriaVox;
			packageProductDependencies = (
				FE4D27BB2D7F73CB006F8E2D /* MSAL */,
				FE1DCF542D9C1C6600C5B504 /* AudioKit */,
				FE45589A2D9EA13C00A5323C /* Alamofire */,
				FE4448182DBEC863004994EE /* lame */,
			);
			productName = StoriaVox;
			productReference = FEF47D432D60C3EF0001168A /* StoriaVox.app */;
			productType = "com.apple.product-type.application";
		};
		FEF47D522D60C3F00001168A /* StoriaVoxTests */ = {
			isa = PBXNativeTarget;
			buildConfigurationList = FEF47D6A2D60C3F00001168A /* Build configuration list for PBXNativeTarget "StoriaVoxTests" */;
			buildPhases = (
				FEF47D4F2D60C3F00001168A /* Sources */,
				FEF47D502D60C3F00001168A /* Frameworks */,
				FEF47D512D60C3F00001168A /* Resources */,
			);
			buildRules = (
			);
			dependencies = (
				FEF47D552D60C3F00001168A /* PBXTargetDependency */,
			);
			fileSystemSynchronizedGroups = (
				FEF47D562D60C3F00001168A /* StoriaVoxTests */,
			);
			name = StoriaVoxTests;
			packageProductDependencies = (
			);
			productName = StoriaVoxTests;
			productReference = FEF47D532D60C3F00001168A /* StoriaVoxTests.xctest */;
			productType = "com.apple.product-type.bundle.unit-test";
		};
		FEF47D5C2D60C3F00001168A /* StoriaVoxUITests */ = {
			isa = PBXNativeTarget;
			buildConfigurationList = FEF47D6D2D60C3F00001168A /* Build configuration list for PBXNativeTarget "StoriaVoxUITests" */;
			buildPhases = (
				FEF47D592D60C3F00001168A /* Sources */,
				FEF47D5A2D60C3F00001168A /* Frameworks */,
				FEF47D5B2D60C3F00001168A /* Resources */,
			);
			buildRules = (
			);
			dependencies = (
				FEF47D5F2D60C3F00001168A /* PBXTargetDependency */,
			);
			fileSystemSynchronizedGroups = (
				FEF47D602D60C3F00001168A /* StoriaVoxUITests */,
			);
			name = StoriaVoxUITests;
			packageProductDependencies = (
			);
			productName = StoriaVoxUITests;
			productReference = FEF47D5D2D60C3F00001168A /* StoriaVoxUITests.xctest */;
			productType = "com.apple.product-type.bundle.ui-testing";
		};
/* End PBXNativeTarget section */

/* Begin PBXProject section */
		FEF47D3B2D60C3EF0001168A /* Project object */ = {
			isa = PBXProject;
			attributes = {
				BuildIndependentTargetsInParallel = 1;
				LastSwiftUpdateCheck = 1620;
				LastUpgradeCheck = 1620;
				TargetAttributes = {
					FEF47D422D60C3EF0001168A = {
						CreatedOnToolsVersion = 16.2;
					};
					FEF47D522D60C3F00001168A = {
						CreatedOnToolsVersion = 16.2;
						TestTargetID = FEF47D422D60C3EF0001168A;
					};
					FEF47D5C2D60C3F00001168A = {
						CreatedOnToolsVersion = 16.2;
						TestTargetID = FEF47D422D60C3EF0001168A;
					};
				};
			};
			buildConfigurationList = FEF47D3E2D60C3EF0001168A /* Build configuration list for PBXProject "StoriaVox" */;
			developmentRegion = en;
			hasScannedForEncodings = 0;
			knownRegions = (
				en,
				Base,
			);
			mainGroup = FEF47D3A2D60C3EF0001168A;
			minimizedProjectReferenceProxies = 1;
			packageReferences = (
				FE4D27BA2D7F73CB006F8E2D /* XCRemoteSwiftPackageReference "microsoft-authentication-library-for-objc" */,
				FE1DCF532D9C1C6600C5B504 /* XCRemoteSwiftPackageReference "AudioKit" */,
				FE4558992D9EA13C00A5323C /* XCRemoteSwiftPackageReference "Alamofire" */,
				FE4448172DBEC863004994EE /* XCRemoteSwiftPackageReference "lame" */,
			);
			preferredProjectObjectVersion = 77;
			productRefGroup = FEF47D442D60C3EF0001168A /* Products */;
			projectDirPath = "";
			projectRoot = "";
			targets = (
				FEF47D422D60C3EF0001168A /* StoriaVox */,
				FEF47D522D60C3F00001168A /* StoriaVoxTests */,
				FEF47D5C2D60C3F00001168A /* StoriaVoxUITests */,
			);
		};
/* End PBXProject section */

/* Begin PBXResourcesBuildPhase section */
		FEF47D412D60C3EF0001168A /* Resources */ = {
			isa = PBXResourcesBuildPhase;
			buildActionMask = 2147483647;
			files = (
			);
			runOnlyForDeploymentPostprocessing = 0;
		};
		FEF47D512D60C3F00001168A /* Resources */ = {
			isa = PBXResourcesBuildPhase;
			buildActionMask = 2147483647;
			files = (
			);
			runOnlyForDeploymentPostprocessing = 0;
		};
		FEF47D5B2D60C3F00001168A /* Resources */ = {
			isa = PBXResourcesBuildPhase;
			buildActionMask = 2147483647;
			files = (
			);
			runOnlyForDeploymentPostprocessing = 0;
		};
/* End PBXResourcesBuildPhase section */

/* Begin PBXSourcesBuildPhase section */
		FEF47D3F2D60C3EF0001168A /* Sources */ = {
			isa = PBXSourcesBuildPhase;
			buildActionMask = 2147483647;
			files = (
			);
			runOnlyForDeploymentPostprocessing = 0;
		};
		FEF47D4F2D60C3F00001168A /* Sources */ = {
			isa = PBXSourcesBuildPhase;
			buildActionMask = 2147483647;
			files = (
			);
			runOnlyForDeploymentPostprocessing = 0;
		};
		FEF47D592D60C3F00001168A /* Sources */ = {
			isa = PBXSourcesBuildPhase;
			buildActionMask = 2147483647;
			files = (
			);
			runOnlyForDeploymentPostprocessing = 0;
		};
/* End PBXSourcesBuildPhase section */

/* Begin PBXTargetDependency section */
		FEF47D552D60C3F00001168A /* PBXTargetDependency */ = {
			isa = PBXTargetDependency;
			target = FEF47D422D60C3EF0001168A /* StoriaVox */;
			targetProxy = FEF47D542D60C3F00001168A /* PBXContainerItemProxy */;
		};
		FEF47D5F2D60C3F00001168A /* PBXTargetDependency */ = {
			isa = PBXTargetDependency;
			target = FEF47D422D60C3EF0001168A /* StoriaVox */;
			targetProxy = FEF47D5E2D60C3F00001168A /* PBXContainerItemProxy */;
		};
/* End PBXTargetDependency section */

/* Begin XCBuildConfiguration section */
		FEF47D652D60C3F00001168A /* Debug */ = {
			isa = XCBuildConfiguration;
			buildSettings = {
				ALWAYS_SEARCH_USER_PATHS = NO;
				ASSETCATALOG_COMPILER_GENERATE_SWIFT_ASSET_SYMBOL_EXTENSIONS = YES;
				CLANG_ANALYZER_NONNULL = YES;
				CLANG_ANALYZER_NUMBER_OBJECT_CONVERSION = YES_AGGRESSIVE;
				CLANG_CXX_LANGUAGE_STANDARD = "gnu++20";
				CLANG_ENABLE_MODULES = YES;
				CLANG_ENABLE_OBJC_ARC = YES;
				CLANG_ENABLE_OBJC_WEAK = YES;
				CLANG_WARN_BLOCK_CAPTURE_AUTORELEASING = YES;
				CLANG_WARN_BOOL_CONVERSION = YES;
				CLANG_WARN_COMMA = YES;
				CLANG_WARN_CONSTANT_CONVERSION = YES;
				CLANG_WARN_DEPRECATED_OBJC_IMPLEMENTATIONS = YES;
				CLANG_WARN_DIRECT_OBJC_ISA_USAGE = YES_ERROR;
				CLANG_WARN_DOCUMENTATION_COMMENTS = YES;
				CLANG_WARN_EMPTY_BODY = YES;
				CLANG_WARN_ENUM_CONVERSION = YES;
				CLANG_WARN_INFINITE_RECURSION = YES;
				CLANG_WARN_INT_CONVERSION = YES;
				CLANG_WARN_NON_LITERAL_NULL_CONVERSION = YES;
				CLANG_WARN_OBJC_IMPLICIT_RETAIN_SELF = YES;
				CLANG_WARN_OBJC_LITERAL_CONVERSION = YES;
				CLANG_WARN_OBJC_ROOT_CLASS = YES_ERROR;
				CLANG_WARN_QUOTED_INCLUDE_IN_FRAMEWORK_HEADER = YES;
				CLANG_WARN_RANGE_LOOP_ANALYSIS = YES;
				CLANG_WARN_STRICT_PROTOTYPES = YES;
				CLANG_WARN_SUSPICIOUS_MOVE = YES;
				CLANG_WARN_UNGUARDED_AVAILABILITY = YES_AGGRESSIVE;
				CLANG_WARN_UNREACHABLE_CODE = YES;
				CLANG_WARN__DUPLICATE_METHOD_MATCH = YES;
				COPY_PHASE_STRIP = NO;
				DEBUG_INFORMATION_FORMAT = dwarf;
				ENABLE_STRICT_OBJC_MSGSEND = YES;
				ENABLE_TESTABILITY = YES;
				ENABLE_USER_SCRIPT_SANDBOXING = YES;
				GCC_C_LANGUAGE_STANDARD = gnu17;
				GCC_DYNAMIC_NO_PIC = NO;
				GCC_NO_COMMON_BLOCKS = YES;
				GCC_OPTIMIZATION_LEVEL = 0;
				GCC_PREPROCESSOR_DEFINITIONS = (
					"DEBUG=1",
					"$(inherited)",
				);
				GCC_WARN_64_TO_32_BIT_CONVERSION = YES;
				GCC_WARN_ABOUT_RETURN_TYPE = YES_ERROR;
				GCC_WARN_UNDECLARED_SELECTOR = YES;
				GCC_WARN_UNINITIALIZED_AUTOS = YES_AGGRESSIVE;
				GCC_WARN_UNUSED_FUNCTION = YES;
				GCC_WARN_UNUSED_VARIABLE = YES;
				IPHONEOS_DEPLOYMENT_TARGET = 18.2;
				LOCALIZATION_PREFERS_STRING_CATALOGS = YES;
				MTL_ENABLE_DEBUG_INFO = INCLUDE_SOURCE;
				MTL_FAST_MATH = YES;
				ONLY_ACTIVE_ARCH = YES;
				SDKROOT = iphoneos;
				SWIFT_ACTIVE_COMPILATION_CONDITIONS = "DEBUG $(inherited)";
				SWIFT_OPTIMIZATION_LEVEL = "-Onone";
			};
			name = Debug;
		};
		FEF47D662D60C3F00001168A /* Release */ = {
			isa = XCBuildConfiguration;
			buildSettings = {
				ALWAYS_SEARCH_USER_PATHS = NO;
				ASSETCATALOG_COMPILER_GENERATE_SWIFT_ASSET_SYMBOL_EXTENSIONS = YES;
				CLANG_ANALYZER_NONNULL = YES;
				CLANG_ANALYZER_NUMBER_OBJECT_CONVERSION = YES_AGGRESSIVE;
				CLANG_CXX_LANGUAGE_STANDARD = "gnu++20";
				CLANG_ENABLE_MODULES = YES;
				CLANG_ENABLE_OBJC_ARC = YES;
				CLANG_ENABLE_OBJC_WEAK = YES;
				CLANG_WARN_BLOCK_CAPTURE_AUTORELEASING = YES;
				CLANG_WARN_BOOL_CONVERSION = YES;
				CLANG_WARN_COMMA = YES;
				CLANG_WARN_CONSTANT_CONVERSION = YES;
				CLANG_WARN_DEPRECATED_OBJC_IMPLEMENTATIONS = YES;
				CLANG_WARN_DIRECT_OBJC_ISA_USAGE = YES_ERROR;
				CLANG_WARN_DOCUMENTATION_COMMENTS = YES;
				CLANG_WARN_EMPTY_BODY = YES;
				CLANG_WARN_ENUM_CONVERSION = YES;
				CLANG_WARN_INFINITE_RECURSION = YES;
				CLANG_WARN_INT_CONVERSION = YES;
				CLANG_WARN_NON_LITERAL_NULL_CONVERSION = YES;
				CLANG_WARN_OBJC_IMPLICIT_RETAIN_SELF = YES;
				CLANG_WARN_OBJC_LITERAL_CONVERSION = YES;
				CLANG_WARN_OBJC_ROOT_CLASS = YES_ERROR;
				CLANG_WARN_QUOTED_INCLUDE_IN_FRAMEWORK_HEADER = YES;
				CLANG_WARN_RANGE_LOOP_ANALYSIS = YES;
				CLANG_WARN_STRICT_PROTOTYPES = YES;
				CLANG_WARN_SUSPICIOUS_MOVE = YES;
				CLANG_WARN_UNGUARDED_AVAILABILITY = YES_AGGRESSIVE;
				CLANG_WARN_UNREACHABLE_CODE = YES;
				CLANG_WARN__DUPLICATE_METHOD_MATCH = YES;
				COPY_PHASE_STRIP = NO;
				DEBUG_INFORMATION_FORMAT = "dwarf-with-dsym";
				ENABLE_NS_ASSERTIONS = NO;
				ENABLE_STRICT_OBJC_MSGSEND = YES;
				ENABLE_USER_SCRIPT_SANDBOXING = YES;
				GCC_C_LANGUAGE_STANDARD = gnu17;
				GCC_NO_COMMON_BLOCKS = YES;
				GCC_WARN_64_TO_32_BIT_CONVERSION = YES;
				GCC_WARN_ABOUT_RETURN_TYPE = YES_ERROR;
				GCC_WARN_UNDECLARED_SELECTOR = YES;
				GCC_WARN_UNINITIALIZED_AUTOS = YES_AGGRESSIVE;
				GCC_WARN_UNUSED_FUNCTION = YES;
				GCC_WARN_UNUSED_VARIABLE = YES;
				IPHONEOS_DEPLOYMENT_TARGET = 18.2;
				LOCALIZATION_PREFERS_STRING_CATALOGS = YES;
				MTL_ENABLE_DEBUG_INFO = NO;
				MTL_FAST_MATH = YES;
				SDKROOT = iphoneos;
				SWIFT_COMPILATION_MODE = wholemodule;
				VALIDATE_PRODUCT = YES;
			};
			name = Release;
		};
		FEF47D682D60C3F00001168A /* Debug */ = {
			isa = XCBuildConfiguration;
			buildSettings = {
				ASSETCATALOG_COMPILER_APPICON_NAME = AppIcon;
				ASSETCATALOG_COMPILER_GLOBAL_ACCENT_COLOR_NAME = AccentColor;
				CODE_SIGN_ENTITLEMENTS = StoriaVox/StoriaVox.entitlements;
				CODE_SIGN_STYLE = Automatic;
				CURRENT_PROJECT_VERSION = 1;
				DEVELOPMENT_ASSET_PATHS = "\"StoriaVox/Preview Content\"";
				DEVELOPMENT_TEAM = MSGCT6AX7Y;
				ENABLE_PREVIEWS = YES;
				GENERATE_INFOPLIST_FILE = YES;
				INFOPLIST_FILE = StoriaVox/Info.plist;
				INFOPLIST_KEY_LSApplicationCategoryType = "public.app-category.lifestyle";
				INFOPLIST_KEY_NSMicrophoneUsageDescription = "We use the microphone to record stories.";
				INFOPLIST_KEY_UIApplicationSceneManifest_Generation = YES;
				INFOPLIST_KEY_UIApplicationSupportsIndirectInputEvents = YES;
				INFOPLIST_KEY_UILaunchScreen_Generation = YES;
				INFOPLIST_KEY_UILaunchStoryboardName = "Launch Screen";
				INFOPLIST_KEY_UISupportedInterfaceOrientations = UIInterfaceOrientationPortrait;
				IPHONEOS_DEPLOYMENT_TARGET = 17.6;
				LD_RUNPATH_SEARCH_PATHS = (
					"$(inherited)",
					"@executable_path/Frameworks",
				);
				MARKETING_VERSION = 1.0;
				PRODUCT_BUNDLE_IDENTIFIER = com.codewithdilan.StoriaVox;
				PRODUCT_NAME = "$(TARGET_NAME)";
				SWIFT_EMIT_LOC_STRINGS = YES;
				SWIFT_VERSION = 5.0;
				TARGETED_DEVICE_FAMILY = "1,2";
			};
			name = Debug;
		};
		FEF47D692D60C3F00001168A /* Release */ = {
			isa = XCBuildConfiguration;
			buildSettings = {
				ASSETCATALOG_COMPILER_APPICON_NAME = AppIcon;
				ASSETCATALOG_COMPILER_GLOBAL_ACCENT_COLOR_NAME = AccentColor;
				CODE_SIGN_ENTITLEMENTS = StoriaVox/StoriaVox.entitlements;
				CODE_SIGN_STYLE = Automatic;
				CURRENT_PROJECT_VERSION = 1;
				DEVELOPMENT_ASSET_PATHS = "\"StoriaVox/Preview Content\"";
				DEVELOPMENT_TEAM = MSGCT6AX7Y;
				ENABLE_PREVIEWS = YES;
				GENERATE_INFOPLIST_FILE = YES;
				INFOPLIST_FILE = StoriaVox/Info.plist;
				INFOPLIST_KEY_LSApplicationCategoryType = "public.app-category.lifestyle";
				INFOPLIST_KEY_NSMicrophoneUsageDescription = "We use the microphone to record stories.";
				INFOPLIST_KEY_UIApplicationSceneManifest_Generation = YES;
				INFOPLIST_KEY_UIApplicationSupportsIndirectInputEvents = YES;
				INFOPLIST_KEY_UILaunchScreen_Generation = YES;
				INFOPLIST_KEY_UILaunchStoryboardName = "Launch Screen";
				INFOPLIST_KEY_UISupportedInterfaceOrientations = UIInterfaceOrientationPortrait;
				IPHONEOS_DEPLOYMENT_TARGET = 17.6;
				LD_RUNPATH_SEARCH_PATHS = (
					"$(inherited)",
					"@executable_path/Frameworks",
				);
				MARKETING_VERSION = 1.0;
				PRODUCT_BUNDLE_IDENTIFIER = com.codewithdilan.StoriaVox;
				PRODUCT_NAME = "$(TARGET_NAME)";
				SWIFT_EMIT_LOC_STRINGS = YES;
				SWIFT_VERSION = 5.0;
				TARGETED_DEVICE_FAMILY = "1,2";
			};
			name = Release;
		};
		FEF47D6B2D60C3F00001168A /* Debug */ = {
			isa = XCBuildConfiguration;
			buildSettings = {
				BUNDLE_LOADER = "$(TEST_HOST)";
				CODE_SIGN_STYLE = Automatic;
				CURRENT_PROJECT_VERSION = 1;
				DEVELOPMENT_TEAM = MSGCT6AX7Y;
				GENERATE_INFOPLIST_FILE = YES;
				IPHONEOS_DEPLOYMENT_TARGET = 18.2;
				MARKETING_VERSION = 1.0;
				PRODUCT_BUNDLE_IDENTIFIER = com.codewithdilan.StoriaVoxTests;
				PRODUCT_NAME = "$(TARGET_NAME)";
				SWIFT_EMIT_LOC_STRINGS = NO;
				SWIFT_VERSION = 5.0;
				TARGETED_DEVICE_FAMILY = "1,2";
				TEST_HOST = "$(BUILT_PRODUCTS_DIR)/StoriaVox.app/$(BUNDLE_EXECUTABLE_FOLDER_PATH)/StoriaVox";
			};
			name = Debug;
		};
		FEF47D6C2D60C3F00001168A /* Release */ = {
			isa = XCBuildConfiguration;
			buildSettings = {
				BUNDLE_LOADER = "$(TEST_HOST)";
				CODE_SIGN_STYLE = Automatic;
				CURRENT_PROJECT_VERSION = 1;
				DEVELOPMENT_TEAM = MSGCT6AX7Y;
				GENERATE_INFOPLIST_FILE = YES;
				IPHONEOS_DEPLOYMENT_TARGET = 18.2;
				MARKETING_VERSION = 1.0;
				PRODUCT_BUNDLE_IDENTIFIER = com.codewithdilan.StoriaVoxTests;
				PRODUCT_NAME = "$(TARGET_NAME)";
				SWIFT_EMIT_LOC_STRINGS = NO;
				SWIFT_VERSION = 5.0;
				TARGETED_DEVICE_FAMILY = "1,2";
				TEST_HOST = "$(BUILT_PRODUCTS_DIR)/StoriaVox.app/$(BUNDLE_EXECUTABLE_FOLDER_PATH)/StoriaVox";
			};
			name = Release;
		};
		FEF47D6E2D60C3F00001168A /* Debug */ = {
			isa = XCBuildConfiguration;
			buildSettings = {
				CODE_SIGN_STYLE = Automatic;
				CURRENT_PROJECT_VERSION = 1;
				DEVELOPMENT_TEAM = MSGCT6AX7Y;
				GENERATE_INFOPLIST_FILE = YES;
				MARKETING_VERSION = 1.0;
				PRODUCT_BUNDLE_IDENTIFIER = com.codewithdilan.StoriaVoxUITests;
				PRODUCT_NAME = "$(TARGET_NAME)";
				SWIFT_EMIT_LOC_STRINGS = NO;
				SWIFT_VERSION = 5.0;
				TARGETED_DEVICE_FAMILY = "1,2";
				TEST_TARGET_NAME = StoriaVox;
			};
			name = Debug;
		};
		FEF47D6F2D60C3F00001168A /* Release */ = {
			isa = XCBuildConfiguration;
			buildSettings = {
				CODE_SIGN_STYLE = Automatic;
				CURRENT_PROJECT_VERSION = 1;
				DEVELOPMENT_TEAM = MSGCT6AX7Y;
				GENERATE_INFOPLIST_FILE = YES;
				MARKETING_VERSION = 1.0;
				PRODUCT_BUNDLE_IDENTIFIER = com.codewithdilan.StoriaVoxUITests;
				PRODUCT_NAME = "$(TARGET_NAME)";
				SWIFT_EMIT_LOC_STRINGS = NO;
				SWIFT_VERSION = 5.0;
				TARGETED_DEVICE_FAMILY = "1,2";
				TEST_TARGET_NAME = StoriaVox;
			};
			name = Release;
		};
/* End XCBuildConfiguration section */

/* Begin XCConfigurationList section */
		FEF47D3E2D60C3EF0001168A /* Build configuration list for PBXProject "StoriaVox" */ = {
			isa = XCConfigurationList;
			buildConfigurations = (
				FEF47D652D60C3F00001168A /* Debug */,
				FEF47D662D60C3F00001168A /* Release */,
			);
			defaultConfigurationIsVisible = 0;
			defaultConfigurationName = Release;
		};
		FEF47D672D60C3F00001168A /* Build configuration list for PBXNativeTarget "StoriaVox" */ = {
			isa = XCConfigurationList;
			buildConfigurations = (
				FEF47D682D60C3F00001168A /* Debug */,
				FEF47D692D60C3F00001168A /* Release */,
			);
			defaultConfigurationIsVisible = 0;
			defaultConfigurationName = Release;
		};
		FEF47D6A2D60C3F00001168A /* Build configuration list for PBXNativeTarget "StoriaVoxTests" */ = {
			isa = XCConfigurationList;
			buildConfigurations = (
				FEF47D6B2D60C3F00001168A /* Debug */,
				FEF47D6C2D60C3F00001168A /* Release */,
			);
			defaultConfigurationIsVisible = 0;
			defaultConfigurationName = Release;
		};
		FEF47D6D2D60C3F00001168A /* Build configuration list for PBXNativeTarget "StoriaVoxUITests" */ = {
			isa = XCConfigurationList;
			buildConfigurations = (
				FEF47D6E2D60C3F00001168A /* Debug */,
				FEF47D6F2D60C3F00001168A /* Release */,
			);
			defaultConfigurationIsVisible = 0;
			defaultConfigurationName = Release;
		};
/* End XCConfigurationList section */

/* Begin XCRemoteSwiftPackageReference section */
		FE1DCF532D9C1C6600C5B504 /* XCRemoteSwiftPackageReference "AudioKit" */ = {
			isa = XCRemoteSwiftPackageReference;
			repositoryURL = "https://github.com/AudioKit/AudioKit.git";
			requirement = {
				kind = upToNextMajorVersion;
				minimumVersion = 5.6.5;
			};
		};
		FE4448172DBEC863004994EE /* XCRemoteSwiftPackageReference "lame" */ = {
			isa = XCRemoteSwiftPackageReference;
			repositoryURL = "https://github.com/pro100andrey/lame";
			requirement = {
				kind = upToNextMajorVersion;
				minimumVersion = 1.2.6;
			};
		};
		FE4558992D9EA13C00A5323C /* XCRemoteSwiftPackageReference "Alamofire" */ = {
			isa = XCRemoteSwiftPackageReference;
			repositoryURL = "https://github.com/Alamofire/Alamofire.git";
			requirement = {
				kind = upToNextMajorVersion;
				minimumVersion = 5.10.2;
			};
		};
		FE4D27BA2D7F73CB006F8E2D /* XCRemoteSwiftPackageReference "microsoft-authentication-library-for-objc" */ = {
			isa = XCRemoteSwiftPackageReference;
			repositoryURL = "https://github.com/AzureAD/microsoft-authentication-library-for-objc";
			requirement = {
				kind = upToNextMajorVersion;
				minimumVersion = 1.8.0;
			};
		};
/* End XCRemoteSwiftPackageReference section */

/* Begin XCSwiftPackageProductDependency section */
		FE1DCF542D9C1C6600C5B504 /* AudioKit */ = {
			isa = XCSwiftPackageProductDependency;
			package = FE1DCF532D9C1C6600C5B504 /* XCRemoteSwiftPackageReference "AudioKit" */;
			productName = AudioKit;
		};
		FE4448182DBEC863004994EE /* lame */ = {
			isa = XCSwiftPackageProductDependency;
			package = FE4448172DBEC863004994EE /* XCRemoteSwiftPackageReference "lame" */;
			productName = lame;
		};
		FE45589A2D9EA13C00A5323C /* Alamofire */ = {
			isa = XCSwiftPackageProductDependency;
			package = FE4558992D9EA13C00A5323C /* XCRemoteSwiftPackageReference "Alamofire" */;
			productName = Alamofire;
		};
		FE4D27BB2D7F73CB006F8E2D /* MSAL */ = {
			isa = XCSwiftPackageProductDependency;
			package = FE4D27BA2D7F73CB006F8E2D /* XCRemoteSwiftPackageReference "microsoft-authentication-library-for-objc" */;
			productName = MSAL;
		};
/* End XCSwiftPackageProductDependency section */
	};
	rootObject = FEF47D3B2D60C3EF0001168A /* Project object */;
}
