{
  "originHash" : "3e69a8a283d816f0c40d968c3638d84cf5bbd5cea067067e9f6ecebcc7cdbf4c",
  "pins" : [
    {
      "identity" : "audiokit",
      "kind" : "remoteSourceControl",
      "location" : "https://github.com/AudioKit/AudioKit.git",
      "state" : {
        "revision" : "5b3fd238ef8ee95c9842ca4ea83ca58ee151e630",
        "version" : "5.6.5"
      }
    },
    {
      "identity" : "microsoft-authentication-library-for-objc",
      "kind" : "remoteSourceControl",
      "location" : "https://github.com/AzureAD/microsoft-authentication-library-for-objc",
      "state" : {
        "revision" : "65f9fd9996868cff916f63117531324340e4365c",
        "version" : "1.8.0"
      }
    }
  ],
  "version" : 3
}
